{
    "name": "paint_it",
    "version": "1.0.0",
    "lockfileVersion": 2,
    "requires": true,
    "packages": {
        "": {
            "name": "paint_it",
            "version": "1.0.0",
            "license": "ISC",
            "dependencies": {
                "@minecraft/server": "^1.14.0-beta.1.21.22-stable",
                "@minecraft/server-ui": "^1.3.0-beta.1.21.22-stable"
            }
        },
        "node_modules/@minecraft/common": {
            "version": "1.2.0",
            "resolved": "https://registry.npmjs.org/@minecraft/common/-/common-1.2.0.tgz",
            "integrity": "sha512-JdmEq4P3Z/FtoBzhLijFgMSVFnFRrUoLwY8DHHrgtFo0mfLTOLTB1RErYjLMsA6b7BGVNxkX/pfFRiH7QZ0XwQ==",
            "license": "MIT"
        },
        "node_modules/@minecraft/server": {
            "version": "1.14.0-beta.1.21.22-stable",
            "resolved": "https://registry.npmjs.org/@minecraft/server/-/server-1.14.0-beta.1.21.22-stable.tgz",
            "integrity": "sha512-C/PObaCClEjL/zfeMrD/TMKLd34CTT+ap1Lwli1mRVq95KzQ8GbEwkpjf+shHLcqqql1xqUAEM37HR2uD+f0Kg==",
            "license": "MIT",
            "dependencies": {
                "@minecraft/common": "^1.1.0"
            }
        },
        "node_modules/@minecraft/server-ui": {
            "version": "1.3.0-beta.1.21.22-stable",
            "resolved": "https://registry.npmjs.org/@minecraft/server-ui/-/server-ui-1.3.0-beta.1.21.22-stable.tgz",
            "integrity": "sha512-vz6QYsOlqV8QQZdYfXL/GRzavfFs/FHMqemYKZKRSRyclNVJAmYeGOtWYsIX/2g4sBg3cw3kjkub7oD0Oxk96A==",
            "license": "MIT",
            "dependencies": {
                "@minecraft/common": "^1.0.0",
                "@minecraft/server": "^1.8.0"
            }
        },
        "node_modules/@minecraft/server-ui/node_modules/@minecraft/server": {
            "version": "1.13.0",
            "resolved": "https://registry.npmjs.org/@minecraft/server/-/server-1.13.0.tgz",
            "integrity": "sha512-LYmYRLjZZ5b+AO2GArQorBBo6Ad18ZmdoK2jx7mmo7Jo/gFXLiSq2xEJuLb5WBXTaBg4rBiersQiAbTj3QjNHQ==",
            "license": "MIT",
            "dependencies": {
                "@minecraft/common": "^1.1.0"
            }
        }
    },
    "dependencies": {
        "@minecraft/common": {
            "version": "1.2.0",
            "resolved": "https://registry.npmjs.org/@minecraft/common/-/common-1.2.0.tgz",
            "integrity": "sha512-JdmEq4P3Z/FtoBzhLijFgMSVFnFRrUoLwY8DHHrgtFo0mfLTOLTB1RErYjLMsA6b7BGVNxkX/pfFRiH7QZ0XwQ=="
        },
        "@minecraft/server": {
            "version": "1.14.0-beta.1.21.22-stable",
            "resolved": "https://registry.npmjs.org/@minecraft/server/-/server-1.14.0-beta.1.21.22-stable.tgz",
            "integrity": "sha512-C/PObaCClEjL/zfeMrD/TMKLd34CTT+ap1Lwli1mRVq95KzQ8GbEwkpjf+shHLcqqql1xqUAEM37HR2uD+f0Kg==",
            "requires": {
                "@minecraft/common": "^1.1.0"
            }
        },
        "@minecraft/server-ui": {
            "version": "1.3.0-beta.1.21.22-stable",
            "resolved": "https://registry.npmjs.org/@minecraft/server-ui/-/server-ui-1.3.0-beta.1.21.22-stable.tgz",
            "integrity": "sha512-vz6QYsOlqV8QQZdYfXL/GRzavfFs/FHMqemYKZKRSRyclNVJAmYeGOtWYsIX/2g4sBg3cw3kjkub7oD0Oxk96A==",
            "requires": {
                "@minecraft/common": "^1.0.0",
                "@minecraft/server": "^1.8.0"
            },
            "dependencies": {
                "@minecraft/server": {
                    "version": "1.13.0",
                    "resolved": "https://registry.npmjs.org/@minecraft/server/-/server-1.13.0.tgz",
                    "integrity": "sha512-LYmYRLjZZ5b+AO2GArQorBBo6Ad18ZmdoK2jx7mmo7Jo/gFXLiSq2xEJuLb5WBXTaBg4rBiersQiAbTj3QjNHQ==",
                    "requires": {
                        "@minecraft/common": "^1.1.0"
                    }
                }
            }
        }
    }
}
